
Microsoft Visual Studio Solution File, Format Version 12.00
# Visual Studio 15
VisualStudioVersion = 15.0.26124.0
MinimumVisualStudioVersion = 15.0.26124.0
Project("{FAE04EC0-301F-11D3-BF4B-00C04F79EFBC}") = "API", "API\API.csproj", "{64C12B45-F87C-4641-966A-C7AF926C6B1F}"
EndProject
Project("{FAE04EC0-301F-11D3-BF4B-00C04F79EFBC}") = "Core", "Core\Core.csproj", "{982E9082-348F-472A-9F01-594446DF7F30}"
EndProject
Project("{FAE04EC0-301F-11D3-BF4B-00C04F79EFBC}") = "Infrastructure", "Infrastructure\Infrastructure.csproj", "{B6A07CAA-E3C7-404D-BFFB-9406C6679B00}"
EndProject
Global
	GlobalSection(SolutionConfigurationPlatforms) = preSolution
		Debug|Any CPU = Debug|Any CPU
		Debug|x64 = Debug|x64
		Debug|x86 = Debug|x86
		Release|Any CPU = Release|Any CPU
		Release|x64 = Release|x64
		Release|x86 = Release|x86
	EndGlobalSection
	GlobalSection(SolutionProperties) = preSolution
		HideSolutionNode = FALSE
	EndGlobalSection
	GlobalSection(ProjectConfigurationPlatforms) = postSolution
		{64C12B45-F87C-4641-966A-C7AF926C6B1F}.Debug|Any CPU.ActiveCfg = Debug|Any CPU
		{64C12B45-F87C-4641-966A-C7AF926C6B1F}.Debug|Any CPU.Build.0 = Debug|Any CPU
		{64C12B45-F87C-4641-966A-C7AF926C6B1F}.Debug|x64.ActiveCfg = Debug|Any CPU
		{64C12B45-F87C-4641-966A-C7AF926C6B1F}.Debug|x64.Build.0 = Debug|Any CPU
		{64C12B45-F87C-4641-966A-C7AF926C6B1F}.Debug|x86.ActiveCfg = Debug|Any CPU
		{64C12B45-F87C-4641-966A-C7AF926C6B1F}.Debug|x86.Build.0 = Debug|Any CPU
		{64C12B45-F87C-4641-966A-C7AF926C6B1F}.Release|Any CPU.ActiveCfg = Release|Any CPU
		{64C12B45-F87C-4641-966A-C7AF926C6B1F}.Release|Any CPU.Build.0 = Release|Any CPU
		{64C12B45-F87C-4641-966A-C7AF926C6B1F}.Release|x64.ActiveCfg = Release|Any CPU
		{64C12B45-F87C-4641-966A-C7AF926C6B1F}.Release|x64.Build.0 = Release|Any CPU
		{64C12B45-F87C-4641-966A-C7AF926C6B1F}.Release|x86.ActiveCfg = Release|Any CPU
		{64C12B45-F87C-4641-966A-C7AF926C6B1F}.Release|x86.Build.0 = Release|Any CPU
		{982E9082-348F-472A-9F01-594446DF7F30}.Debug|Any CPU.ActiveCfg = Debug|Any CPU
		{982E9082-348F-472A-9F01-594446DF7F30}.Debug|Any CPU.Build.0 = Debug|Any CPU
		{982E9082-348F-472A-9F01-594446DF7F30}.Debug|x64.ActiveCfg = Debug|Any CPU
		{982E9082-348F-472A-9F01-594446DF7F30}.Debug|x64.Build.0 = Debug|Any CPU
		{982E9082-348F-472A-9F01-594446DF7F30}.Debug|x86.ActiveCfg = Debug|Any CPU
		{982E9082-348F-472A-9F01-594446DF7F30}.Debug|x86.Build.0 = Debug|Any CPU
		{982E9082-348F-472A-9F01-594446DF7F30}.Release|Any CPU.ActiveCfg = Release|Any CPU
		{982E9082-348F-472A-9F01-594446DF7F30}.Release|Any CPU.Build.0 = Release|Any CPU
		{982E9082-348F-472A-9F01-594446DF7F30}.Release|x64.ActiveCfg = Release|Any CPU
		{982E9082-348F-472A-9F01-594446DF7F30}.Release|x64.Build.0 = Release|Any CPU
		{982E9082-348F-472A-9F01-594446DF7F30}.Release|x86.ActiveCfg = Release|Any CPU
		{982E9082-348F-472A-9F01-594446DF7F30}.Release|x86.Build.0 = Release|Any CPU
		{B6A07CAA-E3C7-404D-BFFB-9406C6679B00}.Debug|Any CPU.ActiveCfg = Debug|Any CPU
		{B6A07CAA-E3C7-404D-BFFB-9406C6679B00}.Debug|Any CPU.Build.0 = Debug|Any CPU
		{B6A07CAA-E3C7-404D-BFFB-9406C6679B00}.Debug|x64.ActiveCfg = Debug|Any CPU
		{B6A07CAA-E3C7-404D-BFFB-9406C6679B00}.Debug|x64.Build.0 = Debug|Any CPU
		{B6A07CAA-E3C7-404D-BFFB-9406C6679B00}.Debug|x86.ActiveCfg = Debug|Any CPU
		{B6A07CAA-E3C7-404D-BFFB-9406C6679B00}.Debug|x86.Build.0 = Debug|Any CPU
		{B6A07CAA-E3C7-404D-BFFB-9406C6679B00}.Release|Any CPU.ActiveCfg = Release|Any CPU
		{B6A07CAA-E3C7-404D-BFFB-9406C6679B00}.Release|Any CPU.Build.0 = Release|Any CPU
		{B6A07CAA-E3C7-404D-BFFB-9406C6679B00}.Release|x64.ActiveCfg = Release|Any CPU
		{B6A07CAA-E3C7-404D-BFFB-9406C6679B00}.Release|x64.Build.0 = Release|Any CPU
		{B6A07CAA-E3C7-404D-BFFB-9406C6679B00}.Release|x86.ActiveCfg = Release|Any CPU
		{B6A07CAA-E3C7-404D-BFFB-9406C6679B00}.Release|x86.Build.0 = Release|Any CPU
	EndGlobalSection
EndGlobal
